
Microsoft Visual Studio Solution File, Format Version 12.00
# Visual Studio Version 17
VisualStudioVersion = 17.9.34728.123
MinimumVisualStudioVersion = 10.0.40219.1
Project("{FAE04EC0-301F-11D3-BF4B-00C04F79EFBC}") = "ProdutoApp", "ProdutoApp\ProdutoApp.csproj", "{2E423864-B3AC-4417-BD96-3386CEFCA334}"
EndProject
Global
	GlobalSection(SolutionConfigurationPlatforms) = preSolution
		Debug|Any CPU = Debug|Any CPU
		Release|Any CPU = Release|Any CPU
	EndGlobalSection
	GlobalSection(ProjectConfigurationPlatforms) = postSolution
		{2E423864-B3AC-4417-BD96-3386CEFCA334}.Debug|Any CPU.ActiveCfg = Debug|Any CPU
		{2E423864-B3AC-4417-BD96-3386CEFCA334}.Debug|Any CPU.Build.0 = Debug|Any CPU
		{2E423864-B3AC-4417-BD96-3386CEFCA334}.Release|Any CPU.ActiveCfg = Release|Any CPU
		{2E423864-B3AC-4417-BD96-3386CEFCA334}.Release|Any CPU.Build.0 = Release|Any CPU
	EndGlobalSection
	GlobalSection(SolutionProperties) = preSolution
		HideSolutionNode = FALSE
	EndGlobalSection
	GlobalSection(ExtensibilityGlobals) = postSolution
		SolutionGuid = {54151C6A-DE3E-4FEC-A2F3-69F64AA6D3F8}
	EndGlobalSection
EndGlobal
